
Microsoft Visual Studio Solution File, Format Version 12.00
# Visual Studio 15
VisualStudioVersion = 15.0.27130.2027
MinimumVisualStudioVersion = 10.0.40219.1
Project("{FAE04EC0-301F-11D3-BF4B-00C04F79EFBC}") = "IndigoTest", "IndigoTest\IndigoTest.csproj", "{61FD0B0D-CB15-4A51-82CE-BD0F7C822715}"
EndProject
Global
	GlobalSection(SolutionConfigurationPlatforms) = preSolution
		Debug|Any CPU = Debug|Any CPU
		Release|Any CPU = Release|Any CPU
	EndGlobalSection
	GlobalSection(ProjectConfigurationPlatforms) = postSolution
		{61FD0B0D-CB15-4A51-82CE-BD0F7C822715}.Debug|Any CPU.ActiveCfg = Debug|Any CPU
		{61FD0B0D-CB15-4A51-82CE-BD0F7C822715}.Debug|Any CPU.Build.0 = Debug|Any CPU
		{61FD0B0D-CB15-4A51-82CE-BD0F7C822715}.Release|Any CPU.ActiveCfg = Release|Any CPU
		{61FD0B0D-CB15-4A51-82CE-BD0F7C822715}.Release|Any CPU.Build.0 = Release|Any CPU
	EndGlobalSection
	GlobalSection(SolutionProperties) = preSolution
		HideSolutionNode = FALSE
	EndGlobalSection
	GlobalSection(ExtensibilityGlobals) = postSolution
		SolutionGuid = {80F5B949-C019-44AE-BEB3-D88725A814BC}
	EndGlobalSection
EndGlobal
